// !$*UTF8*$!
{
	archiveVersion = 1;
	classes = {
	};
	objectVersion = 50;
	objects = {

/* Begin PBXBuildFile section */
		280A7FDA26163D5600D5C7A6 /* AppDelegate.swift in Sources */ = {isa = PBXBuildFile; fileRef = 280A7FD926163D5600D5C7A6 /* AppDelegate.swift */; };
		280A7FDC26163D5600D5C7A6 /* SceneDelegate.swift in Sources */ = {isa = PBXBuildFile; fileRef = 280A7FDB26163D5600D5C7A6 /* SceneDelegate.swift */; };
		280A7FDE26163D5600D5C7A6 /* ViewController.swift in Sources */ = {isa = PBXBuildFile; fileRef = 280A7FDD26163D5600D5C7A6 /* ViewController.swift */; };
		280A7FE126163D5600D5C7A6 /* Main.storyboard in Resources */ = {isa = PBXBuildFile; fileRef = 280A7FDF26163D5600D5C7A6 /* Main.storyboard */; };
		280A7FE326163D5700D5C7A6 /* Assets.xcassets in Resources */ = {isa = PBXBuildFile; fileRef = 280A7FE226163D5700D5C7A6 /* Assets.xcassets */; };
		280A7FE626163D5700D5C7A6 /* LaunchScreen.storyboard in Resources */ = {isa = PBXBuildFile; fileRef = 280A7FE426163D5700D5C7A6 /* LaunchScreen.storyboard */; };
		280A7FF42616415400D5C7A6 /* Exercise.swift in Sources */ = {isa = PBXBuildFile; fileRef = 280A7FF32616415400D5C7A6 /* Exercise.swift */; };
		280A7FF72616419100D5C7A6 /* Jumping.swift in Sources */ = {isa = PBXBuildFile; fileRef = 280A7FF62616419100D5C7A6 /* Jumping.swift */; };
		280A7FFA261641FD00D5C7A6 /* Squarts.swift in Sources */ = {isa = PBXBuildFile; fileRef = 280A7FF9261641FD00D5C7A6 /* Squarts.swift */; };
		280A7FFD2616428A00D5C7A6 /* FactoryExercises.swift in Sources */ = {isa = PBXBuildFile; fileRef = 280A7FFC2616428A00D5C7A6 /* FactoryExercises.swift */; };
/* End PBXBuildFile section */

/* Begin PBXFileReference section */
		280A7FD626163D5600D5C7A6 /* patterns.app */ = {isa = PBXFileReference; explicitFileType = wrapper.application; includeInIndex = 0; path = patterns.app; sourceTree = BUILT_PRODUCTS_DIR; };
		280A7FD926163D5600D5C7A6 /* AppDelegate.swift */ = {isa = PBXFileReference; lastKnownFileType = sourcecode.swift; path = AppDelegate.swift; sourceTree = "<group>"; };
		280A7FDB26163D5600D5C7A6 /* SceneDelegate.swift */ = {isa = PBXFileReference; lastKnownFileType = sourcecode.swift; path = SceneDelegate.swift; sourceTree = "<group>"; };
		280A7FDD26163D5600D5C7A6 /* ViewController.swift */ = {isa = PBXFileReference; lastKnownFileType = sourcecode.swift; path = ViewController.swift; sourceTree = "<group>"; };
		280A7FE026163D5600D5C7A6 /* Base */ = {isa = PBXFileReference; lastKnownFileType = file.storyboard; name = Base; path = Base.lproj/Main.storyboard; sourceTree = "<group>"; };
		280A7FE226163D5700D5C7A6 /* Assets.xcassets */ = {isa = PBXFileReference; lastKnownFileType = folder.assetcatalog; path = Assets.xcassets; sourceTree = "<group>"; };
		280A7FE526163D5700D5C7A6 /* Base */ = {isa = PBXFileReference; lastKnownFileType = file.storyboard; name = Base; path = Base.lproj/LaunchScreen.storyboard; sourceTree = "<group>"; };
		280A7FE726163D5700D5C7A6 /* Info.plist */ = {isa = PBXFileReference; lastKnownFileType = text.plist.xml; path = Info.plist; sourceTree = "<group>"; };
		280A7FF32616415400D5C7A6 /* Exercise.swift */ = {isa = PBXFileReference; lastKnownFileType = sourcecode.swift; path = Exercise.swift; sourceTree = "<group>"; };
		280A7FF62616419100D5C7A6 /* Jumping.swift */ = {isa = PBXFileReference; lastKnownFileType = sourcecode.swift; path = Jumping.swift; sourceTree = "<group>"; };
		280A7FF9261641FD00D5C7A6 /* Squarts.swift */ = {isa = PBXFileReference; lastKnownFileType = sourcecode.swift; path = Squarts.swift; sourceTree = "<group>"; };
		280A7FFC2616428A00D5C7A6 /* FactoryExercises.swift */ = {isa = PBXFileReference; lastKnownFileType = sourcecode.swift; path = FactoryExercises.swift; sourceTree = "<group>"; };
/* End PBXFileReference section */

/* Begin PBXFrameworksBuildPhase section */
		280A7FD326163D5600D5C7A6 /* Frameworks */ = {
			isa = PBXFrameworksBuildPhase;
			buildActionMask = 2147483647;
			files = (
			);
			runOnlyForDeploymentPostprocessing = 0;
		};
/* End PBXFrameworksBuildPhase section */

/* Begin PBXGroup section */
		280A7FCD26163D5600D5C7A6 = {
			isa = PBXGroup;
			children = (
				280A7FD826163D5600D5C7A6 /* patterns */,
				280A7FD726163D5600D5C7A6 /* Products */,
			);
			sourceTree = "<group>";
		};
		280A7FD726163D5600D5C7A6 /* Products */ = {
			isa = PBXGroup;
			children = (
				280A7FD626163D5600D5C7A6 /* patterns.app */,
			);
			name = Products;
			sourceTree = "<group>";
		};
		280A7FD826163D5600D5C7A6 /* patterns */ = {
			isa = PBXGroup;
			children = (
				280A7FD926163D5600D5C7A6 /* AppDelegate.swift */,
				280A7FDB26163D5600D5C7A6 /* SceneDelegate.swift */,
				280A7FDD26163D5600D5C7A6 /* ViewController.swift */,
				280A7FDF26163D5600D5C7A6 /* Main.storyboard */,
				280A7FE226163D5700D5C7A6 /* Assets.xcassets */,
				280A7FE426163D5700D5C7A6 /* LaunchScreen.storyboard */,
				280A7FE726163D5700D5C7A6 /* Info.plist */,
				280A80002616456900D5C7A6 /* Exercise */,
				280A80022616457700D5C7A6 /* Factory */,
			);
			path = patterns;
			sourceTree = "<group>";
		};
		280A80002616456900D5C7A6 /* Exercise */ = {
			isa = PBXGroup;
			children = (
				280A7FF32616415400D5C7A6 /* Exercise.swift */,
				280A7FF62616419100D5C7A6 /* Jumping.swift */,
				280A7FF9261641FD00D5C7A6 /* Squarts.swift */,
			);
			path = Exercise;
			sourceTree = "<group>";
		};
		280A80022616457700D5C7A6 /* Factory */ = {
			isa = PBXGroup;
			children = (
				280A7FFC2616428A00D5C7A6 /* FactoryExercises.swift */,
			);
			path = Factory;
			sourceTree = "<group>";
		};
/* End PBXGroup section */

/* Begin PBXNativeTarget section */
		280A7FD526163D5600D5C7A6 /* patterns */ = {
			isa = PBXNativeTarget;
			buildConfigurationList = 280A7FEA26163D5700D5C7A6 /* Build configuration list for PBXNativeTarget "patterns" */;
			buildPhases = (
				280A7FD226163D5600D5C7A6 /* Sources */,
				280A7FD326163D5600D5C7A6 /* Frameworks */,
				280A7FD426163D5600D5C7A6 /* Resources */,
			);
			buildRules = (
			);
			dependencies = (
			);
			name = patterns;
			productName = patterns;
			productReference = 280A7FD626163D5600D5C7A6 /* patterns.app */;
			productType = "com.apple.product-type.application";
		};
/* End PBXNativeTarget section */

/* Begin PBXProject section */
		280A7FCE26163D5600D5C7A6 /* Project object */ = {
			isa = PBXProject;
			attributes = {
				LastSwiftUpdateCheck = 1240;
				LastUpgradeCheck = 1240;
				TargetAttributes = {
					280A7FD526163D5600D5C7A6 = {
						CreatedOnToolsVersion = 12.4;
					};
				};
			};
			buildConfigurationList = 280A7FD126163D5600D5C7A6 /* Build configuration list for PBXProject "patterns" */;
			compatibilityVersion = "Xcode 9.3";
			developmentRegion = en;
			hasScannedForEncodings = 0;
			knownRegions = (
				en,
				Base,
			);
			mainGroup = 280A7FCD26163D5600D5C7A6;
			productRefGroup = 280A7FD726163D5600D5C7A6 /* Products */;
			projectDirPath = "";
			projectRoot = "";
			targets = (
				280A7FD526163D5600D5C7A6 /* patterns */,
			);
		};
/* End PBXProject section */

/* Begin PBXResourcesBuildPhase section */
		280A7FD426163D5600D5C7A6 /* Resources */ = {
			isa = PBXResourcesBuildPhase;
			buildActionMask = 2147483647;
			files = (
				280A7FE626163D5700D5C7A6 /* LaunchScreen.storyboard in Resources */,
				280A7FE326163D5700D5C7A6 /* Assets.xcassets in Resources */,
				280A7FE126163D5600D5C7A6 /* Main.storyboard in Resources */,
			);
			runOnlyForDeploymentPostprocessing = 0;
		};
/* End PBXResourcesBuildPhase section */

/* Begin PBXSourcesBuildPhase section */
		280A7FD226163D5600D5C7A6 /* Sources */ = {
			isa = PBXSourcesBuildPhase;
			buildActionMask = 2147483647;
			files = (
				280A7FF42616415400D5C7A6 /* Exercise.swift in Sources */,
				280A7FDE26163D5600D5C7A6 /* ViewController.swift in Sources */,
				280A7FF72616419100D5C7A6 /* Jumping.swift in Sources */,
				280A7FFA261641FD00D5C7A6 /* Squarts.swift in Sources */,
				280A7FFD2616428A00D5C7A6 /* FactoryExercises.swift in Sources */,
				280A7FDA26163D5600D5C7A6 /* AppDelegate.swift in Sources */,
				280A7FDC26163D5600D5C7A6 /* SceneDelegate.swift in Sources */,
			);
			runOnlyForDeploymentPostprocessing = 0;
		};
/* End PBXSourcesBuildPhase section */

/* Begin PBXVariantGroup section */
		280A7FDF26163D5600D5C7A6 /* Main.storyboard */ = {
			isa = PBXVariantGroup;
			children = (
				280A7FE026163D5600D5C7A6 /* Base */,
			);
			name = Main.storyboard;
			sourceTree = "<group>";
		};
		280A7FE426163D5700D5C7A6 /* LaunchScreen.storyboard */ = {
			isa = PBXVariantGroup;
			children = (
				280A7FE526163D5700D5C7A6 /* Base */,
			);
			name = LaunchScreen.storyboard;
			sourceTree = "<group>";
		};
/* End PBXVariantGroup section */

/* Begin XCBuildConfiguration section */
		280A7FE826163D5700D5C7A6 /* Debug */ = {
			isa = XCBuildConfiguration;
			buildSettings = {
				ALWAYS_SEARCH_USER_PATHS = NO;
				CLANG_ANALYZER_NONNULL = YES;
				CLANG_ANALYZER_NUMBER_OBJECT_CONVERSION = YES_AGGRESSIVE;
				CLANG_CXX_LANGUAGE_STANDARD = "gnu++14";
				CLANG_CXX_LIBRARY = "libc++";
				CLANG_ENABLE_MODULES = YES;
				CLANG_ENABLE_OBJC_ARC = YES;
				CLANG_ENABLE_OBJC_WEAK = YES;
				CLANG_WARN_BLOCK_CAPTURE_AUTORELEASING = YES;
				CLANG_WARN_BOOL_CONVERSION = YES;
				CLANG_WARN_COMMA = YES;
				CLANG_WARN_CONSTANT_CONVERSION = YES;
				CLANG_WARN_DEPRECATED_OBJC_IMPLEMENTATIONS = YES;
				CLANG_WARN_DIRECT_OBJC_ISA_USAGE = YES_ERROR;
				CLANG_WARN_DOCUMENTATION_COMMENTS = YES;
				CLANG_WARN_EMPTY_BODY = YES;
				CLANG_WARN_ENUM_CONVERSION = YES;
				CLANG_WARN_INFINITE_RECURSION = YES;
				CLANG_WARN_INT_CONVERSION = YES;
				CLANG_WARN_NON_LITERAL_NULL_CONVERSION = YES;
				CLANG_WARN_OBJC_IMPLICIT_RETAIN_SELF = YES;
				CLANG_WARN_OBJC_LITERAL_CONVERSION = YES;
				CLANG_WARN_OBJC_ROOT_CLASS = YES_ERROR;
				CLANG_WARN_QUOTED_INCLUDE_IN_FRAMEWORK_HEADER = YES;
				CLANG_WARN_RANGE_LOOP_ANALYSIS = YES;
				CLANG_WARN_STRICT_PROTOTYPES = YES;
				CLANG_WARN_SUSPICIOUS_MOVE = YES;
				CLANG_WARN_UNGUARDED_AVAILABILITY = YES_AGGRESSIVE;
				CLANG_WARN_UNREACHABLE_CODE = YES;
				CLANG_WARN__DUPLICATE_METHOD_MATCH = YES;
				COPY_PHASE_STRIP = NO;
				DEBUG_INFORMATION_FORMAT = dwarf;
				ENABLE_STRICT_OBJC_MSGSEND = YES;
				ENABLE_TESTABILITY = YES;
				GCC_C_LANGUAGE_STANDARD = gnu11;
				GCC_DYNAMIC_NO_PIC = NO;
				GCC_NO_COMMON_BLOCKS = YES;
				GCC_OPTIMIZATION_LEVEL = 0;
				GCC_PREPROCESSOR_DEFINITIONS = (
					"DEBUG=1",
					"$(inherited)",
				);
				GCC_WARN_64_TO_32_BIT_CONVERSION = YES;
				GCC_WARN_ABOUT_RETURN_TYPE = YES_ERROR;
				GCC_WARN_UNDECLARED_SELECTOR = YES;
				GCC_WARN_UNINITIALIZED_AUTOS = YES_AGGRESSIVE;
				GCC_WARN_UNUSED_FUNCTION = YES;
				GCC_WARN_UNUSED_VARIABLE = YES;
				IPHONEOS_DEPLOYMENT_TARGET = 14.4;
				MTL_ENABLE_DEBUG_INFO = INCLUDE_SOURCE;
				MTL_FAST_MATH = YES;
				ONLY_ACTIVE_ARCH = YES;
				SDKROOT = iphoneos;
				SWIFT_ACTIVE_COMPILATION_CONDITIONS = DEBUG;
				SWIFT_OPTIMIZATION_LEVEL = "-Onone";
			};
			name = Debug;
		};
		280A7FE926163D5700D5C7A6 /* Release */ = {
			isa = XCBuildConfiguration;
			buildSettings = {
				ALWAYS_SEARCH_USER_PATHS = NO;
				CLANG_ANALYZER_NONNULL = YES;
				CLANG_ANALYZER_NUMBER_OBJECT_CONVERSION = YES_AGGRESSIVE;
				CLANG_CXX_LANGUAGE_STANDARD = "gnu++14";
				CLANG_CXX_LIBRARY = "libc++";
				CLANG_ENABLE_MODULES = YES;
				CLANG_ENABLE_OBJC_ARC = YES;
				CLANG_ENABLE_OBJC_WEAK = YES;
				CLANG_WARN_BLOCK_CAPTURE_AUTORELEASING = YES;
				CLANG_WARN_BOOL_CONVERSION = YES;
				CLANG_WARN_COMMA = YES;
				CLANG_WARN_CONSTANT_CONVERSION = YES;
				CLANG_WARN_DEPRECATED_OBJC_IMPLEMENTATIONS = YES;
				CLANG_WARN_DIRECT_OBJC_ISA_USAGE = YES_ERROR;
				CLANG_WARN_DOCUMENTATION_COMMENTS = YES;
				CLANG_WARN_EMPTY_BODY = YES;
				CLANG_WARN_ENUM_CONVERSION = YES;
				CLANG_WARN_INFINITE_RECURSION = YES;
				CLANG_WARN_INT_CONVERSION = YES;
				CLANG_WARN_NON_LITERAL_NULL_CONVERSION = YES;
				CLANG_WARN_OBJC_IMPLICIT_RETAIN_SELF = YES;
				CLANG_WARN_OBJC_LITERAL_CONVERSION = YES;
				CLANG_WARN_OBJC_ROOT_CLASS = YES_ERROR;
				CLANG_WARN_QUOTED_INCLUDE_IN_FRAMEWORK_HEADER = YES;
				CLANG_WARN_RANGE_LOOP_ANALYSIS = YES;
				CLANG_WARN_STRICT_PROTOTYPES = YES;
				CLANG_WARN_SUSPICIOUS_MOVE = YES;
				CLANG_WARN_UNGUARDED_AVAILABILITY = YES_AGGRESSIVE;
				CLANG_WARN_UNREACHABLE_CODE = YES;
				CLANG_WARN__DUPLICATE_METHOD_MATCH = YES;
				COPY_PHASE_STRIP = NO;
				DEBUG_INFORMATION_FORMAT = "dwarf-with-dsym";
				ENABLE_NS_ASSERTIONS = NO;
				ENABLE_STRICT_OBJC_MSGSEND = YES;
				GCC_C_LANGUAGE_STANDARD = gnu11;
				GCC_NO_COMMON_BLOCKS = YES;
				GCC_WARN_64_TO_32_BIT_CONVERSION = YES;
				GCC_WARN_ABOUT_RETURN_TYPE = YES_ERROR;
				GCC_WARN_UNDECLARED_SELECTOR = YES;
				GCC_WARN_UNINITIALIZED_AUTOS = YES_AGGRESSIVE;
				GCC_WARN_UNUSED_FUNCTION = YES;
				GCC_WARN_UNUSED_VARIABLE = YES;
				IPHONEOS_DEPLOYMENT_TARGET = 14.4;
				MTL_ENABLE_DEBUG_INFO = NO;
				MTL_FAST_MATH = YES;
				SDKROOT = iphoneos;
				SWIFT_COMPILATION_MODE = wholemodule;
				SWIFT_OPTIMIZATION_LEVEL = "-O";
				VALIDATE_PRODUCT = YES;
			};
			name = Release;
		};
		280A7FEB26163D5700D5C7A6 /* Debug */ = {
			isa = XCBuildConfiguration;
			buildSettings = {
				ASSETCATALOG_COMPILER_APPICON_NAME = AppIcon;
				ASSETCATALOG_COMPILER_GLOBAL_ACCENT_COLOR_NAME = AccentColor;
				CODE_SIGN_STYLE = Automatic;
				INFOPLIST_FILE = patterns/Info.plist;
				LD_RUNPATH_SEARCH_PATHS = (
					"$(inherited)",
					"@executable_path/Frameworks",
				);
				PRODUCT_BUNDLE_IDENTIFIER = rittenzore.patterns;
				PRODUCT_NAME = "$(TARGET_NAME)";
				SWIFT_VERSION = 5.0;
				TARGETED_DEVICE_FAMILY = "1,2";
			};
			name = Debug;
		};
		280A7FEC26163D5700D5C7A6 /* Release */ = {
			isa = XCBuildConfiguration;
			buildSettings = {
				ASSETCATALOG_COMPILER_APPICON_NAME = AppIcon;
				ASSETCATALOG_COMPILER_GLOBAL_ACCENT_COLOR_NAME = AccentColor;
				CODE_SIGN_STYLE = Automatic;
				INFOPLIST_FILE = patterns/Info.plist;
				LD_RUNPATH_SEARCH_PATHS = (
					"$(inherited)",
					"@executable_path/Frameworks",
				);
				PRODUCT_BUNDLE_IDENTIFIER = rittenzore.patterns;
				PRODUCT_NAME = "$(TARGET_NAME)";
				SWIFT_VERSION = 5.0;
				TARGETED_DEVICE_FAMILY = "1,2";
			};
			name = Release;
		};
/* End XCBuildConfiguration section */

/* Begin XCConfigurationList section */
		280A7FD126163D5600D5C7A6 /* Build configuration list for PBXProject "patterns" */ = {
			isa = XCConfigurationList;
			buildConfigurations = (
				280A7FE826163D5700D5C7A6 /* Debug */,
				280A7FE926163D5700D5C7A6 /* Release */,
			);
			defaultConfigurationIsVisible = 0;
			defaultConfigurationName = Release;
		};
		280A7FEA26163D5700D5C7A6 /* Build configuration list for PBXNativeTarget "patterns" */ = {
			isa = XCConfigurationList;
			buildConfigurations = (
				280A7FEB26163D5700D5C7A6 /* Debug */,
				280A7FEC26163D5700D5C7A6 /* Release */,
			);
			defaultConfigurationIsVisible = 0;
			defaultConfigurationName = Release;
		};
/* End XCConfigurationList section */
	};
	rootObject = 280A7FCE26163D5600D5C7A6 /* Project object */;
}
